
Microsoft Visual Studio Solution File, Format Version 12.00
# Visual Studio Version 16
VisualStudioVersion = 16.0.29509.3
MinimumVisualStudioVersion = 10.0.40219.1
Project("{FAE04EC0-301F-11D3-BF4B-00C04F79EFBC}") = "Lab01.Task1", "Lab01.Task1\Lab01.Task1.csproj", "{3A96680A-D533-4A31-8E4E-634F1DCF38C6}"
EndProject
Project("{FAE04EC0-301F-11D3-BF4B-00C04F79EFBC}") = "Lab01.Task2", "Lab01.Task2\Lab01.Task2.csproj", "{A06706FF-608A-46BF-96CD-3E445EFC53CB}"
EndProject
Global
	GlobalSection(SolutionConfigurationPlatforms) = preSolution
		Debug|Any CPU = Debug|Any CPU
		Release|Any CPU = Release|Any CPU
	EndGlobalSection
	GlobalSection(ProjectConfigurationPlatforms) = postSolution
		{3A96680A-D533-4A31-8E4E-634F1DCF38C6}.Debug|Any CPU.ActiveCfg = Debug|Any CPU
		{3A96680A-D533-4A31-8E4E-634F1DCF38C6}.Debug|Any CPU.Build.0 = Debug|Any CPU
		{3A96680A-D533-4A31-8E4E-634F1DCF38C6}.Release|Any CPU.ActiveCfg = Release|Any CPU
		{3A96680A-D533-4A31-8E4E-634F1DCF38C6}.Release|Any CPU.Build.0 = Release|Any CPU
		{A06706FF-608A-46BF-96CD-3E445EFC53CB}.Debug|Any CPU.ActiveCfg = Debug|Any CPU
		{A06706FF-608A-46BF-96CD-3E445EFC53CB}.Debug|Any CPU.Build.0 = Debug|Any CPU
		{A06706FF-608A-46BF-96CD-3E445EFC53CB}.Release|Any CPU.ActiveCfg = Release|Any CPU
		{A06706FF-608A-46BF-96CD-3E445EFC53CB}.Release|Any CPU.Build.0 = Release|Any CPU
	EndGlobalSection
	GlobalSection(SolutionProperties) = preSolution
		HideSolutionNode = FALSE
	EndGlobalSection
	GlobalSection(ExtensibilityGlobals) = postSolution
		SolutionGuid = {9FC1EB36-DA56-4769-949A-1E43C17C72D2}
	EndGlobalSection
EndGlobal
